// !$*UTF8*$!
{
	archiveVersion = 1;
	classes = {
	};
	objectVersion = 42;
	objects = {

/* Begin PBXBuildFile section */
		2C7C0B3406E6F74300915CED /* TaskWrapper.h in Resources */ = {isa = PBXBuildFile; fileRef = 2C7C0B3206E6F74300915CED /* TaskWrapper.h */; };
		2C7C0B3506E6F74300915CED /* TaskWrapper.m in Sources */ = {isa = PBXBuildFile; fileRef = 2C7C0B3306E6F74300915CED /* TaskWrapper.m */; };
		2C7C0B5206E6FB5000915CED /* RemberController.h in Resources */ = {isa = PBXBuildFile; fileRef = 2C7C0B5006E6FB5000915CED /* RemberController.h */; };
		2C7C0B5306E6FB5000915CED /* RemberController.m in Sources */ = {isa = PBXBuildFile; fileRef = 2C7C0B5106E6FB5000915CED /* RemberController.m */; };
		2C7F12F906FE67E90042684E /* Rember.icns in Resources */ = {isa = PBXBuildFile; fileRef = 2C7F12F806FE67E90042684E /* Rember.icns */; };
		2CB02EC006FBF7A800012D93 /* Info.plist in Resources */ = {isa = PBXBuildFile; fileRef = 8D1107310486CEB800E47090 /* Info.plist */; };
		2CB362BD06F2A30D00D763CC /* CoreServices.framework in Frameworks */ = {isa = PBXBuildFile; fileRef = 2CB362BC06F2A30D00D763CC /* CoreServices.framework */; };
		2CB364E506F2A45500D763CC /* Carbon.framework in Frameworks */ = {isa = PBXBuildFile; fileRef = 2CB364E406F2A45500D763CC /* Carbon.framework */; };
		2CD13A8C06F503BC00C527A3 /* killEveryoneButMe.h in Resources */ = {isa = PBXBuildFile; fileRef = 2CD13A8A06F503BC00C527A3 /* killEveryoneButMe.h */; };
		2CD13A8D06F503BC00C527A3 /* killEveryoneButMe.c in Sources */ = {isa = PBXBuildFile; fileRef = 2CD13A8B06F503BC00C527A3 /* killEveryoneButMe.c */; };
		2CDC4F1506EBEE0200874FAA /* memtest in Resources */ = {isa = PBXBuildFile; fileRef = 2CDC4F1406EBEE0200874FAA /* memtest */; };
		8D11072A0486CEB800E47090 /* MainMenu.nib in Resources */ = {isa = PBXBuildFile; fileRef = 29B97318FDCFA39411CA2CEA /* MainMenu.nib */; };
		8D11072B0486CEB800E47090 /* InfoPlist.strings in Resources */ = {isa = PBXBuildFile; fileRef = 089C165CFE840E0CC02AAC07 /* InfoPlist.strings */; };
		8D11072D0486CEB800E47090 /* main.m in Sources */ = {isa = PBXBuildFile; fileRef = 29B97316FDCFA39411CA2CEA /* main.m */; settings = {ATTRIBUTES = (); }; };
		8D11072F0486CEB800E47090 /* Cocoa.framework in Frameworks */ = {isa = PBXBuildFile; fileRef = 1058C7A1FEA54F0111CA2CBB /* Cocoa.framework */; };
/* End PBXBuildFile section */

/* Begin PBXBuildStyle section */
		4A9504CCFFE6A4B311CA0CBA /* Development */ = {
			isa = PBXBuildStyle;
			buildSettings = {
				COPY_PHASE_STRIP = NO;
				GCC_DYNAMIC_NO_PIC = NO;
				GCC_ENABLE_FIX_AND_CONTINUE = YES;
				GCC_GENERATE_DEBUGGING_SYMBOLS = YES;
				GCC_OPTIMIZATION_LEVEL = 0;
				ZERO_LINK = YES;
			};
			name = Development;
		};
		4A9504CDFFE6A4B311CA0CBA /* Deployment */ = {
			isa = PBXBuildStyle;
			buildSettings = {
				COPY_PHASE_STRIP = YES;
				GCC_ENABLE_FIX_AND_CONTINUE = NO;
				ZERO_LINK = NO;
			};
			name = Deployment;
		};
/* End PBXBuildStyle section */

/* Begin PBXFileReference section */
		089C165DFE840E0CC02AAC07 /* English */ = {isa = PBXFileReference; fileEncoding = 10; lastKnownFileType = text.plist.strings; name = English; path = English.lproj/InfoPlist.strings; sourceTree = "<group>"; };
		1058C7A1FEA54F0111CA2CBB /* Cocoa.framework */ = {isa = PBXFileReference; lastKnownFileType = wrapper.framework; name = Cocoa.framework; path = /System/Library/Frameworks/Cocoa.framework; sourceTree = "<absolute>"; };
		29B97316FDCFA39411CA2CEA /* main.m */ = {isa = PBXFileReference; fileEncoding = 4; lastKnownFileType = sourcecode.c.objc; path = main.m; sourceTree = "<group>"; };
		29B97319FDCFA39411CA2CEA /* English */ = {isa = PBXFileReference; lastKnownFileType = wrapper.nib; name = English; path = English.lproj/MainMenu.nib; sourceTree = "<group>"; };
		29B97324FDCFA39411CA2CEA /* AppKit.framework */ = {isa = PBXFileReference; lastKnownFileType = wrapper.framework; name = AppKit.framework; path = /System/Library/Frameworks/AppKit.framework; sourceTree = "<absolute>"; };
		29B97325FDCFA39411CA2CEA /* Foundation.framework */ = {isa = PBXFileReference; lastKnownFileType = wrapper.framework; name = Foundation.framework; path = /System/Library/Frameworks/Foundation.framework; sourceTree = "<absolute>"; };
		2C7C0B3206E6F74300915CED /* TaskWrapper.h */ = {isa = PBXFileReference; fileEncoding = 30; lastKnownFileType = sourcecode.c.h; path = TaskWrapper.h; sourceTree = "<group>"; };
		2C7C0B3306E6F74300915CED /* TaskWrapper.m */ = {isa = PBXFileReference; fileEncoding = 30; lastKnownFileType = sourcecode.c.objc; path = TaskWrapper.m; sourceTree = "<group>"; };
		2C7C0B5006E6FB5000915CED /* RemberController.h */ = {isa = PBXFileReference; fileEncoding = 30; lastKnownFileType = sourcecode.c.h; path = RemberController.h; sourceTree = "<group>"; };
		2C7C0B5106E6FB5000915CED /* RemberController.m */ = {isa = PBXFileReference; fileEncoding = 30; lastKnownFileType = sourcecode.c.objc; path = RemberController.m; sourceTree = "<group>"; };
		2C7F12F806FE67E90042684E /* Rember.icns */ = {isa = PBXFileReference; lastKnownFileType = image.icns; path = Rember.icns; sourceTree = "<group>"; };
		2CB362BC06F2A30D00D763CC /* CoreServices.framework */ = {isa = PBXFileReference; lastKnownFileType = wrapper.framework; name = CoreServices.framework; path = /System/Library/Frameworks/CoreServices.framework; sourceTree = "<absolute>"; };
		2CB364E406F2A45500D763CC /* Carbon.framework */ = {isa = PBXFileReference; lastKnownFileType = wrapper.framework; name = Carbon.framework; path = /System/Library/Frameworks/Carbon.framework; sourceTree = "<absolute>"; };
		2CD13A8A06F503BC00C527A3 /* killEveryoneButMe.h */ = {isa = PBXFileReference; fileEncoding = 4; lastKnownFileType = sourcecode.c.h; path = killEveryoneButMe.h; sourceTree = "<group>"; };
		2CD13A8B06F503BC00C527A3 /* killEveryoneButMe.c */ = {isa = PBXFileReference; fileEncoding = 4; lastKnownFileType = sourcecode.c.c; path = killEveryoneButMe.c; sourceTree = "<group>"; };
		2CDC4F1406EBEE0200874FAA /* memtest */ = {isa = PBXFileReference; comments = "memtest-4.04M\n"; lastKnownFileType = "compiled.mach-o.executable"; path = memtest; sourceTree = "<group>"; };
		32CA4F630368D1EE00C91783 /* Rember_Prefix.pch */ = {isa = PBXFileReference; fileEncoding = 4; lastKnownFileType = sourcecode.c.h; path = Rember_Prefix.pch; sourceTree = "<group>"; };
		8D1107310486CEB800E47090 /* Info.plist */ = {isa = PBXFileReference; fileEncoding = 4; lastKnownFileType = text.plist; path = Info.plist; sourceTree = "<group>"; };
		8D1107320486CEB800E47090 /* Rember.app */ = {isa = PBXFileReference; explicitFileType = wrapper.application; includeInIndex = 0; path = Rember.app; sourceTree = BUILT_PRODUCTS_DIR; };
/* End PBXFileReference section */

/* Begin PBXFrameworksBuildPhase section */
		8D11072E0486CEB800E47090 /* Frameworks */ = {
			isa = PBXFrameworksBuildPhase;
			buildActionMask = 2147483647;
			files = (
				8D11072F0486CEB800E47090 /* Cocoa.framework in Frameworks */,
				2CB362BD06F2A30D00D763CC /* CoreServices.framework in Frameworks */,
				2CB364E506F2A45500D763CC /* Carbon.framework in Frameworks */,
			);
			runOnlyForDeploymentPostprocessing = 0;
		};
/* End PBXFrameworksBuildPhase section */

/* Begin PBXGroup section */
		080E96DDFE201D6D7F000001 /* Classes */ = {
			isa = PBXGroup;
			children = (
				2CD13A8A06F503BC00C527A3 /* killEveryoneButMe.h */,
				2CD13A8B06F503BC00C527A3 /* killEveryoneButMe.c */,
				2C7C0B5006E6FB5000915CED /* RemberController.h */,
				2C7C0B5106E6FB5000915CED /* RemberController.m */,
				2C7C0B3206E6F74300915CED /* TaskWrapper.h */,
				2C7C0B3306E6F74300915CED /* TaskWrapper.m */,
			);
			name = Classes;
			sourceTree = "<group>";
		};
		1058C7A0FEA54F0111CA2CBB /* Linked Frameworks */ = {
			isa = PBXGroup;
			children = (
				2CB364E406F2A45500D763CC /* Carbon.framework */,
				2CB362BC06F2A30D00D763CC /* CoreServices.framework */,
			);
			name = "Linked Frameworks";
			sourceTree = "<group>";
		};
		1058C7A2FEA54F0111CA2CBB /* Other Frameworks */ = {
			isa = PBXGroup;
			children = (
				1058C7A1FEA54F0111CA2CBB /* Cocoa.framework */,
				29B97325FDCFA39411CA2CEA /* Foundation.framework */,
				29B97324FDCFA39411CA2CEA /* AppKit.framework */,
			);
			name = "Other Frameworks";
			sourceTree = "<group>";
		};
		19C28FACFE9D520D11CA2CBB /* Products */ = {
			isa = PBXGroup;
			children = (
				8D1107320486CEB800E47090 /* Rember.app */,
			);
			name = Products;
			sourceTree = "<group>";
		};
		29B97314FDCFA39411CA2CEA /* Rember */ = {
			isa = PBXGroup;
			children = (
				080E96DDFE201D6D7F000001 /* Classes */,
				29B97315FDCFA39411CA2CEA /* Other Sources */,
				29B97317FDCFA39411CA2CEA /* Resources */,
				29B97323FDCFA39411CA2CEA /* Frameworks */,
				19C28FACFE9D520D11CA2CBB /* Products */,
			);
			name = Rember;
			sourceTree = "<group>";
		};
		29B97315FDCFA39411CA2CEA /* Other Sources */ = {
			isa = PBXGroup;
			children = (
				32CA4F630368D1EE00C91783 /* Rember_Prefix.pch */,
				29B97316FDCFA39411CA2CEA /* main.m */,
			);
			name = "Other Sources";
			sourceTree = "<group>";
		};
		29B97317FDCFA39411CA2CEA /* Resources */ = {
			isa = PBXGroup;
			children = (
				2C7F12F806FE67E90042684E /* Rember.icns */,
				2CDC4F1406EBEE0200874FAA /* memtest */,
				8D1107310486CEB800E47090 /* Info.plist */,
				089C165CFE840E0CC02AAC07 /* InfoPlist.strings */,
				29B97318FDCFA39411CA2CEA /* MainMenu.nib */,
			);
			name = Resources;
			sourceTree = "<group>";
		};
		29B97323FDCFA39411CA2CEA /* Frameworks */ = {
			isa = PBXGroup;
			children = (
				1058C7A0FEA54F0111CA2CBB /* Linked Frameworks */,
				1058C7A2FEA54F0111CA2CBB /* Other Frameworks */,
			);
			name = Frameworks;
			sourceTree = "<group>";
		};
/* End PBXGroup section */

/* Begin PBXNativeTarget section */
		8D1107260486CEB800E47090 /* Rember */ = {
			isa = PBXNativeTarget;
			buildConfigurationList = 2C940DD808B580DA00466A1D /* Build configuration list for PBXNativeTarget "Rember" */;
			buildPhases = (
				8D1107290486CEB800E47090 /* Resources */,
				8D11072C0486CEB800E47090 /* Sources */,
				8D11072E0486CEB800E47090 /* Frameworks */,
			);
			buildRules = (
			);
			buildSettings = {
				GCC_GENERATE_DEBUGGING_SYMBOLS = NO;
				GCC_PRECOMPILE_PREFIX_HEADER = YES;
				GCC_PREFIX_HEADER = Rember_Prefix.pch;
				INFOPLIST_FILE = Info.plist;
				INSTALL_PATH = "$(HOME)/Applications";
				PRODUCT_NAME = Rember;
				WRAPPER_EXTENSION = app;
			};
			dependencies = (
			);
			name = Rember;
			productInstallPath = "$(HOME)/Applications";
			productName = Rember;
			productReference = 8D1107320486CEB800E47090 /* Rember.app */;
			productType = "com.apple.product-type.application";
		};
/* End PBXNativeTarget section */

/* Begin PBXProject section */
		29B97313FDCFA39411CA2CEA /* Project object */ = {
			isa = PBXProject;
			buildConfigurationList = 2C940DDC08B580DA00466A1D /* Build configuration list for PBXProject "Rember" */;
			buildSettings = {
			};
			buildStyles = (
				4A9504CCFFE6A4B311CA0CBA /* Development */,
				4A9504CDFFE6A4B311CA0CBA /* Deployment */,
			);
			hasScannedForEncodings = 1;
			mainGroup = 29B97314FDCFA39411CA2CEA /* Rember */;
			projectDirPath = "";
			targets = (
				8D1107260486CEB800E47090 /* Rember */,
			);
		};
/* End PBXProject section */

/* Begin PBXResourcesBuildPhase section */
		8D1107290486CEB800E47090 /* Resources */ = {
			isa = PBXResourcesBuildPhase;
			buildActionMask = 2147483647;
			files = (
				8D11072A0486CEB800E47090 /* MainMenu.nib in Resources */,
				8D11072B0486CEB800E47090 /* InfoPlist.strings in Resources */,
				2C7C0B3406E6F74300915CED /* TaskWrapper.h in Resources */,
				2C7C0B5206E6FB5000915CED /* RemberController.h in Resources */,
				2CDC4F1506EBEE0200874FAA /* memtest in Resources */,
				2CD13A8C06F503BC00C527A3 /* killEveryoneButMe.h in Resources */,
				2CB02EC006FBF7A800012D93 /* Info.plist in Resources */,
				2C7F12F906FE67E90042684E /* Rember.icns in Resources */,
			);
			runOnlyForDeploymentPostprocessing = 0;
		};
/* End PBXResourcesBuildPhase section */

/* Begin PBXSourcesBuildPhase section */
		8D11072C0486CEB800E47090 /* Sources */ = {
			isa = PBXSourcesBuildPhase;
			buildActionMask = 2147483647;
			files = (
				8D11072D0486CEB800E47090 /* main.m in Sources */,
				2C7C0B3506E6F74300915CED /* TaskWrapper.m in Sources */,
				2C7C0B5306E6FB5000915CED /* RemberController.m in Sources */,
				2CD13A8D06F503BC00C527A3 /* killEveryoneButMe.c in Sources */,
			);
			runOnlyForDeploymentPostprocessing = 0;
		};
/* End PBXSourcesBuildPhase section */

/* Begin PBXVariantGroup section */
		089C165CFE840E0CC02AAC07 /* InfoPlist.strings */ = {
			isa = PBXVariantGroup;
			children = (
				089C165DFE840E0CC02AAC07 /* English */,
			);
			name = InfoPlist.strings;
			sourceTree = "<group>";
		};
		29B97318FDCFA39411CA2CEA /* MainMenu.nib */ = {
			isa = PBXVariantGroup;
			children = (
				29B97319FDCFA39411CA2CEA /* English */,
			);
			name = MainMenu.nib;
			sourceTree = "<group>";
		};
/* End PBXVariantGroup section */

/* Begin XCBuildConfiguration section */
		2C940DD908B580DA00466A1D /* Development */ = {
			isa = XCBuildConfiguration;
			buildSettings = {
				COPY_PHASE_STRIP = NO;
				GCC_DYNAMIC_NO_PIC = NO;
				GCC_ENABLE_FIX_AND_CONTINUE = YES;
				GCC_GENERATE_DEBUGGING_SYMBOLS = YES;
				GCC_OPTIMIZATION_LEVEL = 0;
				GCC_PRECOMPILE_PREFIX_HEADER = YES;
				GCC_PREFIX_HEADER = Rember_Prefix.pch;
				INFOPLIST_FILE = Info.plist;
				INSTALL_PATH = "$(HOME)/Applications";
				PRODUCT_NAME = Rember;
				WRAPPER_EXTENSION = app;
				ZERO_LINK = YES;
			};
			name = Development;
		};
		2C940DDA08B580DA00466A1D /* Deployment */ = {
			isa = XCBuildConfiguration;
			buildSettings = {
				COPY_PHASE_STRIP = YES;
				GCC_ENABLE_FIX_AND_CONTINUE = NO;
				GCC_GENERATE_DEBUGGING_SYMBOLS = NO;
				GCC_PRECOMPILE_PREFIX_HEADER = YES;
				GCC_PREFIX_HEADER = Rember_Prefix.pch;
				INFOPLIST_FILE = Info.plist;
				INSTALL_PATH = "$(HOME)/Applications";
				PRODUCT_NAME = Rember;
				WRAPPER_EXTENSION = app;
				ZERO_LINK = NO;
			};
			name = Deployment;
		};
		2C940DDB08B580DA00466A1D /* Default */ = {
			isa = XCBuildConfiguration;
			buildSettings = {
				GCC_GENERATE_DEBUGGING_SYMBOLS = NO;
				GCC_PRECOMPILE_PREFIX_HEADER = YES;
				GCC_PREFIX_HEADER = Rember_Prefix.pch;
				INFOPLIST_FILE = Info.plist;
				INSTALL_PATH = "$(HOME)/Applications";
				PRODUCT_NAME = Rember;
				WRAPPER_EXTENSION = app;
			};
			name = Default;
		};
		2C940DDD08B580DA00466A1D /* Development */ = {
			isa = XCBuildConfiguration;
			buildSettings = {
			};
			name = Development;
		};
		2C940DDE08B580DA00466A1D /* Deployment */ = {
			isa = XCBuildConfiguration;
			buildSettings = {
			};
			name = Deployment;
		};
		2C940DDF08B580DA00466A1D /* Default */ = {
			isa = XCBuildConfiguration;
			buildSettings = {
			};
			name = Default;
		};
/* End XCBuildConfiguration section */

/* Begin XCConfigurationList section */
		2C940DD808B580DA00466A1D /* Build configuration list for PBXNativeTarget "Rember" */ = {
			isa = XCConfigurationList;
			buildConfigurations = (
				2C940DD908B580DA00466A1D /* Development */,
				2C940DDA08B580DA00466A1D /* Deployment */,
				2C940DDB08B580DA00466A1D /* Default */,
			);
			defaultConfigurationIsVisible = 0;
			defaultConfigurationName = Default;
		};
		2C940DDC08B580DA00466A1D /* Build configuration list for PBXProject "Rember" */ = {
			isa = XCConfigurationList;
			buildConfigurations = (
				2C940DDD08B580DA00466A1D /* Development */,
				2C940DDE08B580DA00466A1D /* Deployment */,
				2C940DDF08B580DA00466A1D /* Default */,
			);
			defaultConfigurationIsVisible = 0;
			defaultConfigurationName = Default;
		};
/* End XCConfigurationList section */
	};
	rootObject = 29B97313FDCFA39411CA2CEA /* Project object */;
}
